// !$*UTF8*$!
{
	archiveVersion = 1;
	classes = {
	};
	objectVersion = 46;
	objects = {

/* Begin PBXBuildFile section */
		6F2F96071DBDF63800BCD4AD /* main.m in Sources */ = {isa = PBXBuildFile; fileRef = 6F2F96061DBDF63800BCD4AD /* main.m */; };
/* End PBXBuildFile section */

/* Begin PBXCopyFilesBuildPhase section */
		6F2F96011DBDF63800BCD4AD /* CopyFiles */ = {
			isa = PBXCopyFilesBuildPhase;
			buildActionMask = 2147483647;
			dstPath = /usr/share/man/man1/;
			dstSubfolderSpec = 0;
			files = (
			);
			runOnlyForDeploymentPostprocessing = 1;
		};
/* End PBXCopyFilesBuildPhase section */

/* Begin PBXFileReference section */
		6F2F96031DBDF63800BCD4AD /* PWSwapCallByReferance */ = {isa = PBXFileReference; explicitFileType = "compiled.mach-o.executable"; includeInIndex = 0; path = PWSwapCallByReferance; sourceTree = BUILT_PRODUCTS_DIR; };
		6F2F96061DBDF63800BCD4AD /* main.m */ = {isa = PBXFileReference; lastKnownFileType = sourcecode.c.objc; path = main.m; sourceTree = "<group>"; };
/* End PBXFileReference section */

/* Begin PBXFrameworksBuildPhase section */
		6F2F96001DBDF63800BCD4AD /* Frameworks */ = {
			isa = PBXFrameworksBuildPhase;
			buildActionMask = 2147483647;
			files = (
			);
			runOnlyForDeploymentPostprocessing = 0;
		};
/* End PBXFrameworksBuildPhase section */

/* Begin PBXGroup section */
		6F2F95FA1DBDF63800BCD4AD = {
			isa = PBXGroup;
			children = (
				6F2F96051DBDF63800BCD4AD /* PWSwapCallByReferance */,
				6F2F96041DBDF63800BCD4AD /* Products */,
			);
			sourceTree = "<group>";
		};
		6F2F96041DBDF63800BCD4AD /* Products */ = {
			isa = PBXGroup;
			children = (
				6F2F96031DBDF63800BCD4AD /* PWSwapCallByReferance */,
			);
			name = Products;
			sourceTree = "<group>";
		};
		6F2F96051DBDF63800BCD4AD /* PWSwapCallByReferance */ = {
			isa = PBXGroup;
			children = (
				6F2F96061DBDF63800BCD4AD /* main.m */,
			);
			path = PWSwapCallByReferance;
			sourceTree = "<group>";
		};
/* End PBXGroup section */

/* Begin PBXNativeTarget section */
		6F2F96021DBDF63800BCD4AD /* PWSwapCallByReferance */ = {
			isa = PBXNativeTarget;
			buildConfigurationList = 6F2F960A1DBDF63800BCD4AD /* Build configuration list for PBXNativeTarget "PWSwapCallByReferance" */;
			buildPhases = (
				6F2F95FF1DBDF63800BCD4AD /* Sources */,
				6F2F96001DBDF63800BCD4AD /* Frameworks */,
				6F2F96011DBDF63800BCD4AD /* CopyFiles */,
			);
			buildRules = (
			);
			dependencies = (
			);
			name = PWSwapCallByReferance;
			productName = PWSwapCallByReferance;
			productReference = 6F2F96031DBDF63800BCD4AD /* PWSwapCallByReferance */;
			productType = "com.apple.product-type.tool";
		};
/* End PBXNativeTarget section */

/* Begin PBXProject section */
		6F2F95FB1DBDF63800BCD4AD /* Project object */ = {
			isa = PBXProject;
			attributes = {
				LastUpgradeCheck = 0730;
				ORGANIZATIONNAME = "Pallavi Wani";
				TargetAttributes = {
					6F2F96021DBDF63800BCD4AD = {
						CreatedOnToolsVersion = 7.3.1;
					};
				};
			};
			buildConfigurationList = 6F2F95FE1DBDF63800BCD4AD /* Build configuration list for PBXProject "PWSwapCallByReferance" */;
			compatibilityVersion = "Xcode 3.2";
			developmentRegion = English;
			hasScannedForEncodings = 0;
			knownRegions = (
				en,
			);
			mainGroup = 6F2F95FA1DBDF63800BCD4AD;
			productRefGroup = 6F2F96041DBDF63800BCD4AD /* Products */;
			projectDirPath = "";
			projectRoot = "";
			targets = (
				6F2F96021DBDF63800BCD4AD /* PWSwapCallByReferance */,
			);
		};
/* End PBXProject section */

/* Begin PBXSourcesBuildPhase section */
		6F2F95FF1DBDF63800BCD4AD /* Sources */ = {
			isa = PBXSourcesBuildPhase;
			buildActionMask = 2147483647;
			files = (
				6F2F96071DBDF63800BCD4AD /* main.m in Sources */,
			);
			runOnlyForDeploymentPostprocessing = 0;
		};
/* End PBXSourcesBuildPhase section */

/* Begin XCBuildConfiguration section */
		6F2F96081DBDF63800BCD4AD /* Debug */ = {
			isa = XCBuildConfiguration;
			buildSettings = {
				ALWAYS_SEARCH_USER_PATHS = NO;
				CLANG_ANALYZER_NONNULL = YES;
				CLANG_CXX_LANGUAGE_STANDARD = "gnu++0x";
				CLANG_CXX_LIBRARY = "libc++";
				CLANG_ENABLE_MODULES = YES;
				CLANG_ENABLE_OBJC_ARC = YES;
				CLANG_WARN_BOOL_CONVERSION = YES;
				CLANG_WARN_CONSTANT_CONVERSION = YES;
				CLANG_WARN_DIRECT_OBJC_ISA_USAGE = YES_ERROR;
				CLANG_WARN_EMPTY_BODY = YES;
				CLANG_WARN_ENUM_CONVERSION = YES;
				CLANG_WARN_INT_CONVERSION = YES;
				CLANG_WARN_OBJC_ROOT_CLASS = YES_ERROR;
				CLANG_WARN_UNREACHABLE_CODE = YES;
				CLANG_WARN__DUPLICATE_METHOD_MATCH = YES;
				CODE_SIGN_IDENTITY = "-";
				COPY_PHASE_STRIP = NO;
				DEBUG_INFORMATION_FORMAT = dwarf;
				ENABLE_STRICT_OBJC_MSGSEND = YES;
				ENABLE_TESTABILITY = YES;
				GCC_C_LANGUAGE_STANDARD = gnu99;
				GCC_DYNAMIC_NO_PIC = NO;
				GCC_NO_COMMON_BLOCKS = YES;
				GCC_OPTIMIZATION_LEVEL = 0;
				GCC_PREPROCESSOR_DEFINITIONS = (
					"DEBUG=1",
					"$(inherited)",
				);
				GCC_WARN_64_TO_32_BIT_CONVERSION = YES;
				GCC_WARN_ABOUT_RETURN_TYPE = YES_ERROR;
				GCC_WARN_UNDECLARED_SELECTOR = YES;
				GCC_WARN_UNINITIALIZED_AUTOS = YES_AGGRESSIVE;
				GCC_WARN_UNUSED_FUNCTION = YES;
				GCC_WARN_UNUSED_VARIABLE = YES;
				MACOSX_DEPLOYMENT_TARGET = 10.11;
				MTL_ENABLE_DEBUG_INFO = YES;
				ONLY_ACTIVE_ARCH = YES;
				SDKROOT = macosx;
			};
			name = Debug;
		};
		6F2F96091DBDF63800BCD4AD /* Release */ = {
			isa = XCBuildConfiguration;
			buildSettings = {
				ALWAYS_SEARCH_USER_PATHS = NO;
				CLANG_ANALYZER_NONNULL = YES;
				CLANG_CXX_LANGUAGE_STANDARD = "gnu++0x";
				CLANG_CXX_LIBRARY = "libc++";
				CLANG_ENABLE_MODULES = YES;
				CLANG_ENABLE_OBJC_ARC = YES;
				CLANG_WARN_BOOL_CONVERSION = YES;
				CLANG_WARN_CONSTANT_CONVERSION = YES;
				CLANG_WARN_DIRECT_OBJC_ISA_USAGE = YES_ERROR;
				CLANG_WARN_EMPTY_BODY = YES;
				CLANG_WARN_ENUM_CONVERSION = YES;
				CLANG_WARN_INT_CONVERSION = YES;
				CLANG_WARN_OBJC_ROOT_CLASS = YES_ERROR;
				CLANG_WARN_UNREACHABLE_CODE = YES;
				CLANG_WARN__DUPLICATE_METHOD_MATCH = YES;
				CODE_SIGN_IDENTITY = "-";
				COPY_PHASE_STRIP = NO;
				DEBUG_INFORMATION_FORMAT = "dwarf-with-dsym";
				ENABLE_NS_ASSERTIONS = NO;
				ENABLE_STRICT_OBJC_MSGSEND = YES;
				GCC_C_LANGUAGE_STANDARD = gnu99;
				GCC_NO_COMMON_BLOCKS = YES;
				GCC_WARN_64_TO_32_BIT_CONVERSION = YES;
				GCC_WARN_ABOUT_RETURN_TYPE = YES_ERROR;
				GCC_WARN_UNDECLARED_SELECTOR = YES;
				GCC_WARN_UNINITIALIZED_AUTOS = YES_AGGRESSIVE;
				GCC_WARN_UNUSED_FUNCTION = YES;
				GCC_WARN_UNUSED_VARIABLE = YES;
				MACOSX_DEPLOYMENT_TARGET = 10.11;
				MTL_ENABLE_DEBUG_INFO = NO;
				SDKROOT = macosx;
			};
			name = Release;
		};
		6F2F960B1DBDF63800BCD4AD /* Debug */ = {
			isa = XCBuildConfiguration;
			buildSettings = {
				PRODUCT_NAME = "$(TARGET_NAME)";
			};
			name = Debug;
		};
		6F2F960C1DBDF63800BCD4AD /* Release */ = {
			isa = XCBuildConfiguration;
			buildSettings = {
				PRODUCT_NAME = "$(TARGET_NAME)";
			};
			name = Release;
		};
/* End XCBuildConfiguration section */

/* Begin XCConfigurationList section */
		6F2F95FE1DBDF63800BCD4AD /* Build configuration list for PBXProject "PWSwapCallByReferance" */ = {
			isa = XCConfigurationList;
			buildConfigurations = (
				6F2F96081DBDF63800BCD4AD /* Debug */,
				6F2F96091DBDF63800BCD4AD /* Release */,
			);
			defaultConfigurationIsVisible = 0;
			defaultConfigurationName = Release;
		};
		6F2F960A1DBDF63800BCD4AD /* Build configuration list for PBXNativeTarget "PWSwapCallByReferance" */ = {
			isa = XCConfigurationList;
			buildConfigurations = (
				6F2F960B1DBDF63800BCD4AD /* Debug */,
				6F2F960C1DBDF63800BCD4AD /* Release */,
			);
			defaultConfigurationIsVisible = 0;
		};
/* End XCConfigurationList section */
	};
	rootObject = 6F2F95FB1DBDF63800BCD4AD /* Project object */;
}
